
Microsoft Visual Studio Solution File, Format Version 12.00
# Visual Studio Version 17
VisualStudioVersion = 17.5.002.0
MinimumVisualStudioVersion = 10.0.40219.1
Project("{9A19103F-16F7-4668-BE54-9A1E7A4F7556}") = "CRUDWebAPI", "CRUDWebAPI\CRUDWebAPI.csproj", "{B6703F0B-9FC7-405D-ADC8-14DC85C64785}"
EndProject
Global
	GlobalSection(SolutionConfigurationPlatforms) = preSolution
		Debug|Any CPU = Debug|Any CPU
		Release|Any CPU = Release|Any CPU
	EndGlobalSection
	GlobalSection(ProjectConfigurationPlatforms) = postSolution
		{B6703F0B-9FC7-405D-ADC8-14DC85C64785}.Debug|Any CPU.ActiveCfg = Debug|Any CPU
		{B6703F0B-9FC7-405D-ADC8-14DC85C64785}.Debug|Any CPU.Build.0 = Debug|Any CPU
		{B6703F0B-9FC7-405D-ADC8-14DC85C64785}.Release|Any CPU.ActiveCfg = Release|Any CPU
		{B6703F0B-9FC7-405D-ADC8-14DC85C64785}.Release|Any CPU.Build.0 = Release|Any CPU
	EndGlobalSection
	GlobalSection(SolutionProperties) = preSolution
		HideSolutionNode = FALSE
	EndGlobalSection
	GlobalSection(ExtensibilityGlobals) = postSolution
		SolutionGuid = {2C7F5071-B4A2-4C92-8780-A42F8F1DD8CA}
	EndGlobalSection
EndGlobal
